
Microsoft Visual Studio Solution File, Format Version 12.00
# Visual Studio 14
VisualStudioVersion = 14.0.23107.0
MinimumVisualStudioVersion = 10.0.40219.1
Project("{FAE04EC0-301F-11D3-BF4B-00C04F79EFBC}") = "ArabiaExtensions", "ArabiaExtensions\ArabiaExtensions.csproj", "{167EFCC3-53AE-4685-82FD-73B5F5B17745}"
EndProject
Project("{FAE04EC0-301F-11D3-BF4B-00C04F79EFBC}") = "ArabiaMvc", "ArabiaMvc\ArabiaMvc.csproj", "{BC13ABE5-556B-4F34-B5B9-18CBEC84300C}"
EndProject
Project("{FAE04EC0-301F-11D3-BF4B-00C04F79EFBC}") = "DemoMvc", "DemoMvc\DemoMvc.csproj", "{F9B7428D-6C99-4997-881F-ED1780499991}"
EndProject
Global
	GlobalSection(SolutionConfigurationPlatforms) = preSolution
		Debug|Any CPU = Debug|Any CPU
		Release|Any CPU = Release|Any CPU
	EndGlobalSection
	GlobalSection(ProjectConfigurationPlatforms) = postSolution
		{167EFCC3-53AE-4685-82FD-73B5F5B17745}.Debug|Any CPU.ActiveCfg = Debug|Any CPU
		{167EFCC3-53AE-4685-82FD-73B5F5B17745}.Debug|Any CPU.Build.0 = Debug|Any CPU
		{167EFCC3-53AE-4685-82FD-73B5F5B17745}.Release|Any CPU.ActiveCfg = Release|Any CPU
		{167EFCC3-53AE-4685-82FD-73B5F5B17745}.Release|Any CPU.Build.0 = Release|Any CPU
		{BC13ABE5-556B-4F34-B5B9-18CBEC84300C}.Debug|Any CPU.ActiveCfg = Debug|Any CPU
		{BC13ABE5-556B-4F34-B5B9-18CBEC84300C}.Debug|Any CPU.Build.0 = Debug|Any CPU
		{BC13ABE5-556B-4F34-B5B9-18CBEC84300C}.Release|Any CPU.ActiveCfg = Release|Any CPU
		{BC13ABE5-556B-4F34-B5B9-18CBEC84300C}.Release|Any CPU.Build.0 = Release|Any CPU
		{F9B7428D-6C99-4997-881F-ED1780499991}.Debug|Any CPU.ActiveCfg = Debug|Any CPU
		{F9B7428D-6C99-4997-881F-ED1780499991}.Debug|Any CPU.Build.0 = Debug|Any CPU
		{F9B7428D-6C99-4997-881F-ED1780499991}.Release|Any CPU.ActiveCfg = Release|Any CPU
		{F9B7428D-6C99-4997-881F-ED1780499991}.Release|Any CPU.Build.0 = Release|Any CPU
	EndGlobalSection
	GlobalSection(SolutionProperties) = preSolution
		HideSolutionNode = FALSE
	EndGlobalSection
EndGlobal
